
Microsoft Visual Studio Solution File, Format Version 12.00
# Visual Studio Version 16
VisualStudioVersion = 16.0.29709.97
MinimumVisualStudioVersion = 10.0.40219.1
Project("{FAE04EC0-301F-11D3-BF4B-00C04F79EFBC}") = "Calculator.Android", "Calculator.Android\Calculator.Android.csproj", "{D76F53B5-6200-4B51-B4BF-420079EE3C84}"
EndProject
Project("{FAE04EC0-301F-11D3-BF4B-00C04F79EFBC}") = "Calculator.iOS", "Calculator.iOS\Calculator.iOS.csproj", "{865739AF-8007-4BAA-888C-CF465D880B07}"
EndProject
Project("{FAE04EC0-301F-11D3-BF4B-00C04F79EFBC}") = "Calculator", "Calculator\Calculator.csproj", "{C75E36F2-600A-46D5-8D77-FD7435234EDC}"
EndProject
Global
	GlobalSection(SolutionConfigurationPlatforms) = preSolution
		Debug|Any CPU = Debug|Any CPU
		Debug|iPhone = Debug|iPhone
		Debug|iPhoneSimulator = Debug|iPhoneSimulator
		Release|Any CPU = Release|Any CPU
		Release|iPhone = Release|iPhone
		Release|iPhoneSimulator = Release|iPhoneSimulator
	EndGlobalSection
	GlobalSection(ProjectConfigurationPlatforms) = postSolution
		{D76F53B5-6200-4B51-B4BF-420079EE3C84}.Debug|Any CPU.ActiveCfg = Debug|Any CPU
		{D76F53B5-6200-4B51-B4BF-420079EE3C84}.Debug|Any CPU.Build.0 = Debug|Any CPU
		{D76F53B5-6200-4B51-B4BF-420079EE3C84}.Debug|Any CPU.Deploy.0 = Debug|Any CPU
		{D76F53B5-6200-4B51-B4BF-420079EE3C84}.Debug|iPhone.ActiveCfg = Debug|Any CPU
		{D76F53B5-6200-4B51-B4BF-420079EE3C84}.Debug|iPhone.Build.0 = Debug|Any CPU
		{D76F53B5-6200-4B51-B4BF-420079EE3C84}.Debug|iPhone.Deploy.0 = Debug|Any CPU
		{D76F53B5-6200-4B51-B4BF-420079EE3C84}.Debug|iPhoneSimulator.ActiveCfg = Debug|Any CPU
		{D76F53B5-6200-4B51-B4BF-420079EE3C84}.Debug|iPhoneSimulator.Build.0 = Debug|Any CPU
		{D76F53B5-6200-4B51-B4BF-420079EE3C84}.Debug|iPhoneSimulator.Deploy.0 = Debug|Any CPU
		{D76F53B5-6200-4B51-B4BF-420079EE3C84}.Release|Any CPU.ActiveCfg = Release|Any CPU
		{D76F53B5-6200-4B51-B4BF-420079EE3C84}.Release|Any CPU.Build.0 = Release|Any CPU
		{D76F53B5-6200-4B51-B4BF-420079EE3C84}.Release|Any CPU.Deploy.0 = Release|Any CPU
		{D76F53B5-6200-4B51-B4BF-420079EE3C84}.Release|iPhone.ActiveCfg = Release|Any CPU
		{D76F53B5-6200-4B51-B4BF-420079EE3C84}.Release|iPhone.Build.0 = Release|Any CPU
		{D76F53B5-6200-4B51-B4BF-420079EE3C84}.Release|iPhone.Deploy.0 = Release|Any CPU
		{D76F53B5-6200-4B51-B4BF-420079EE3C84}.Release|iPhoneSimulator.ActiveCfg = Release|Any CPU
		{D76F53B5-6200-4B51-B4BF-420079EE3C84}.Release|iPhoneSimulator.Build.0 = Release|Any CPU
		{D76F53B5-6200-4B51-B4BF-420079EE3C84}.Release|iPhoneSimulator.Deploy.0 = Release|Any CPU
		{865739AF-8007-4BAA-888C-CF465D880B07}.Debug|Any CPU.ActiveCfg = Debug|iPhoneSimulator
		{865739AF-8007-4BAA-888C-CF465D880B07}.Debug|Any CPU.Build.0 = Debug|iPhoneSimulator
		{865739AF-8007-4BAA-888C-CF465D880B07}.Debug|Any CPU.Deploy.0 = Debug|iPhoneSimulator
		{865739AF-8007-4BAA-888C-CF465D880B07}.Debug|iPhone.ActiveCfg = Debug|iPhone
		{865739AF-8007-4BAA-888C-CF465D880B07}.Debug|iPhone.Build.0 = Debug|iPhone
		{865739AF-8007-4BAA-888C-CF465D880B07}.Debug|iPhone.Deploy.0 = Debug|iPhone
		{865739AF-8007-4BAA-888C-CF465D880B07}.Debug|iPhoneSimulator.ActiveCfg = Debug|iPhoneSimulator
		{865739AF-8007-4BAA-888C-CF465D880B07}.Debug|iPhoneSimulator.Build.0 = Debug|iPhoneSimulator
		{865739AF-8007-4BAA-888C-CF465D880B07}.Debug|iPhoneSimulator.Deploy.0 = Debug|iPhoneSimulator
		{865739AF-8007-4BAA-888C-CF465D880B07}.Release|Any CPU.ActiveCfg = Release|iPhone
		{865739AF-8007-4BAA-888C-CF465D880B07}.Release|Any CPU.Build.0 = Release|iPhone
		{865739AF-8007-4BAA-888C-CF465D880B07}.Release|Any CPU.Deploy.0 = Release|iPhone
		{865739AF-8007-4BAA-888C-CF465D880B07}.Release|iPhone.ActiveCfg = Release|iPhone
		{865739AF-8007-4BAA-888C-CF465D880B07}.Release|iPhone.Build.0 = Release|iPhone
		{865739AF-8007-4BAA-888C-CF465D880B07}.Release|iPhone.Deploy.0 = Release|iPhone
		{865739AF-8007-4BAA-888C-CF465D880B07}.Release|iPhoneSimulator.ActiveCfg = Release|iPhoneSimulator
		{865739AF-8007-4BAA-888C-CF465D880B07}.Release|iPhoneSimulator.Build.0 = Release|iPhoneSimulator
		{865739AF-8007-4BAA-888C-CF465D880B07}.Release|iPhoneSimulator.Deploy.0 = Release|iPhoneSimulator
		{C75E36F2-600A-46D5-8D77-FD7435234EDC}.Debug|Any CPU.ActiveCfg = Debug|Any CPU
		{C75E36F2-600A-46D5-8D77-FD7435234EDC}.Debug|Any CPU.Build.0 = Debug|Any CPU
		{C75E36F2-600A-46D5-8D77-FD7435234EDC}.Debug|Any CPU.Deploy.0 = Debug|Any CPU
		{C75E36F2-600A-46D5-8D77-FD7435234EDC}.Debug|iPhone.ActiveCfg = Debug|Any CPU
		{C75E36F2-600A-46D5-8D77-FD7435234EDC}.Debug|iPhone.Build.0 = Debug|Any CPU
		{C75E36F2-600A-46D5-8D77-FD7435234EDC}.Debug|iPhone.Deploy.0 = Debug|Any CPU
		{C75E36F2-600A-46D5-8D77-FD7435234EDC}.Debug|iPhoneSimulator.ActiveCfg = Debug|Any CPU
		{C75E36F2-600A-46D5-8D77-FD7435234EDC}.Debug|iPhoneSimulator.Build.0 = Debug|Any CPU
		{C75E36F2-600A-46D5-8D77-FD7435234EDC}.Debug|iPhoneSimulator.Deploy.0 = Debug|Any CPU
		{C75E36F2-600A-46D5-8D77-FD7435234EDC}.Release|Any CPU.ActiveCfg = Release|Any CPU
		{C75E36F2-600A-46D5-8D77-FD7435234EDC}.Release|Any CPU.Build.0 = Release|Any CPU
		{C75E36F2-600A-46D5-8D77-FD7435234EDC}.Release|Any CPU.Deploy.0 = Release|Any CPU
		{C75E36F2-600A-46D5-8D77-FD7435234EDC}.Release|iPhone.ActiveCfg = Release|Any CPU
		{C75E36F2-600A-46D5-8D77-FD7435234EDC}.Release|iPhone.Build.0 = Release|Any CPU
		{C75E36F2-600A-46D5-8D77-FD7435234EDC}.Release|iPhone.Deploy.0 = Release|Any CPU
		{C75E36F2-600A-46D5-8D77-FD7435234EDC}.Release|iPhoneSimulator.ActiveCfg = Release|Any CPU
		{C75E36F2-600A-46D5-8D77-FD7435234EDC}.Release|iPhoneSimulator.Build.0 = Release|Any CPU
		{C75E36F2-600A-46D5-8D77-FD7435234EDC}.Release|iPhoneSimulator.Deploy.0 = Release|Any CPU
	EndGlobalSection
	GlobalSection(SolutionProperties) = preSolution
		HideSolutionNode = FALSE
	EndGlobalSection
	GlobalSection(ExtensibilityGlobals) = postSolution
		SolutionGuid = {4E132CAC-526A-4A63-B191-04404106A33B}
	EndGlobalSection
EndGlobal
